# THIS IS AN AUTOGENERATED FILE. DO NOT EDIT THIS FILE DIRECTLY.
# yarn lockfile v1


expo-media-library@^17.0.3:
  version "17.0.3"
  resolved "https://registry.yarnpkg.com/expo-media-library/-/expo-media-library-17.0.3.tgz#4ee3e6a8a2544887d910a72eaf2a15858b78cc0e"
  integrity sha512-vo8AqWxv1C8+U8dA5W43qs8+3dgD3VZDvcCkZBQTBnGr/2Rs7x6nNQD5s7UfYyr6qmW6102JB3+OUKHpkwEssg==
